{
    "version": 3,
    "terraform_version": "0.8.2",
    "serial": 12,
    "lineage": "74debc81-570b-4f78-9c8f-013b16e7d15d",
    "modules": [
        {
            "path": [
                "root"
            ],
            "outputs": {
                "app.0.ip": {
                    "sensitive": false,
                    "type": "string",
                    "value": "10.128.1.235"
                },
                "app.1.ip": {
                    "sensitive": false,
                    "type": "string",
                    "value": "10.128.1.11"
                },
                "elb.hostname": {
                    "sensitive": false,
                    "type": "string",
                    "value": "terraform-example-elb-985307798.eu-west-1.elb.amazonaws.com"
                },
                "nat.ip": {
                    "sensitive": false,
                    "type": "string",
                    "value": "52.214.115.57"
                }
            },
            "resources": {
                "aws_elb.app": {
                    "type": "aws_elb",
                    "depends_on": [
                        "aws_instance.app",
                        "aws_security_group.default",
                        "aws_security_group.web",
                        "aws_subnet.public"
                    ],
                    "primary": {
                        "id": "terraform-example-elb",
                        "attributes": {
                            "access_logs.#": "0",
                            "availability_zones.#": "1",
                            "availability_zones.3953592328": "eu-west-1a",
                            "connection_draining": "false",
                            "connection_draining_timeout": "300",
                            "cross_zone_load_balancing": "true",
                            "dns_name": "terraform-example-elb-985307798.eu-west-1.elb.amazonaws.com",
                            "health_check.#": "1",
                            "health_check.0.healthy_threshold": "10",
                            "health_check.0.interval": "30",
                            "health_check.0.target": "TCP:80",
                            "health_check.0.timeout": "5",
                            "health_check.0.unhealthy_threshold": "2",
                            "id": "terraform-example-elb",
                            "idle_timeout": "60",
                            "instances.#": "2",
                            "instances.2826390758": "i-07ec1afa33c9d7cf6",
                            "instances.3705552891": "i-025028ab34a7d2243",
                            "internal": "false",
                            "listener.#": "1",
                            "listener.3057123346.instance_port": "80",
                            "listener.3057123346.instance_protocol": "http",
                            "listener.3057123346.lb_port": "80",
                            "listener.3057123346.lb_protocol": "http",
                            "listener.3057123346.ssl_certificate_id": "",
                            "name": "terraform-example-elb",
                            "security_groups.#": "2",
                            "security_groups.1062849720": "sg-86d3a3e0",
                            "security_groups.2531563231": "sg-b9d3a3df",
                            "source_security_group": "541599000485/default-terraform-example",
                            "source_security_group_id": "sg-b9d3a3df",
                            "subnets.#": "1",
                            "subnets.555236896": "subnet-acdbf4c8",
                            "tags.%": "0",
                            "zone_id": "Z32O12XQLNTSW2"
                        },
                        "meta": {},
                        "tainted": false
                    },
                    "deposed": [],
                    "provider": ""
                },
                "aws_instance.app.0": {
                    "type": "aws_instance",
                    "depends_on": [
                        "aws_key_pair.deployer",
                        "aws_security_group.default",
                        "aws_subnet.private"
                    ],
                    "primary": {
                        "id": "i-025028ab34a7d2243",
                        "attributes": {
                            "ami": "ami-73f97204",
                            "associate_public_ip_address": "false",
                            "availability_zone": "eu-west-1a",
                            "disable_api_termination": "false",
                            "ebs_block_device.#": "0",
                            "ebs_optimized": "false",
                            "ephemeral_block_device.#": "0",
                            "iam_instance_profile": "",
                            "id": "i-025028ab34a7d2243",
                            "instance_state": "running",
                            "instance_type": "t2.micro",
                            "key_name": "deployer-key",
                            "monitoring": "false",
                            "network_interface_id": "eni-7f788603",
                            "private_dns": "ip-10-128-1-235.eu-west-1.compute.internal",
                            "private_ip": "10.128.1.235",
                            "public_dns": "",
                            "public_ip": "",
                            "root_block_device.#": "1",
                            "root_block_device.0.delete_on_termination": "true",
                            "root_block_device.0.iops": "100",
                            "root_block_device.0.volume_size": "8",
                            "root_block_device.0.volume_type": "gp2",
                            "security_groups.#": "0",
                            "source_dest_check": "false",
                            "subnet_id": "subnet-92dbf4f6",
                            "tags.%": "1",
                            "tags.Name": "terraform-example-app-0",
                            "tenancy": "default",
                            "user_data": "622011cb7d8f804303f4ca3f359dee27c8ec807d",
                            "vpc_security_group_ids.#": "1",
                            "vpc_security_group_ids.2531563231": "sg-b9d3a3df"
                        },
                        "meta": {
                            "schema_version": "1"
                        },
                        "tainted": false
                    },
                    "deposed": [],
                    "provider": ""
                },
                "aws_instance.app.1": {
                    "type": "aws_instance",
                    "depends_on": [
                        "aws_key_pair.deployer",
                        "aws_security_group.default",
                        "aws_subnet.private"
                    ],
                    "primary": {
                        "id": "i-07ec1afa33c9d7cf6",
                        "attributes": {
                            "ami": "ami-73f97204",
                            "associate_public_ip_address": "false",
                            "availability_zone": "eu-west-1a",
                            "disable_api_termination": "false",
                            "ebs_block_device.#": "0",
                            "ebs_optimized": "false",
                            "ephemeral_block_device.#": "0",
                            "iam_instance_profile": "",
                            "id": "i-07ec1afa33c9d7cf6",
                            "instance_state": "running",
                            "instance_type": "t2.micro",
                            "key_name": "deployer-key",
                            "monitoring": "false",
                            "network_interface_id": "eni-837e80ff",
                            "private_dns": "ip-10-128-1-11.eu-west-1.compute.internal",
                            "private_ip": "10.128.1.11",
                            "public_dns": "",
                            "public_ip": "",
                            "root_block_device.#": "1",
                            "root_block_device.0.delete_on_termination": "true",
                            "root_block_device.0.iops": "100",
                            "root_block_device.0.volume_size": "8",
                            "root_block_device.0.volume_type": "gp2",
                            "security_groups.#": "0",
                            "source_dest_check": "false",
                            "subnet_id": "subnet-92dbf4f6",
                            "tags.%": "1",
                            "tags.Name": "terraform-example-app-1",
                            "tenancy": "default",
                            "user_data": "622011cb7d8f804303f4ca3f359dee27c8ec807d",
                            "vpc_security_group_ids.#": "1",
                            "vpc_security_group_ids.2531563231": "sg-b9d3a3df"
                        },
                        "meta": {
                            "schema_version": "1"
                        },
                        "tainted": false
                    },
                    "deposed": [],
                    "provider": ""
                },
                "aws_instance.nat": {
                    "type": "aws_instance",
                    "depends_on": [
                        "aws_key_pair.deployer",
                        "aws_security_group.default",
                        "aws_security_group.nat",
                        "aws_subnet.public"
                    ],
                    "primary": {
                        "id": "i-090e2c688d04cfc63",
                        "attributes": {
                            "ami": "ami-73f97204",
                            "associate_public_ip_address": "true",
                            "availability_zone": "eu-west-1a",
                            "disable_api_termination": "false",
                            "ebs_block_device.#": "0",
                            "ebs_optimized": "false",
                            "ephemeral_block_device.#": "0",
                            "iam_instance_profile": "",
                            "id": "i-090e2c688d04cfc63",
                            "instance_state": "running",
                            "instance_type": "t2.micro",
                            "key_name": "deployer-key",
                            "monitoring": "false",
                            "network_interface_id": "eni-6c7c8210",
                            "private_dns": "ip-10-128-0-146.eu-west-1.compute.internal",
                            "private_ip": "10.128.0.146",
                            "public_dns": "ec2-52-214-115-57.eu-west-1.compute.amazonaws.com",
                            "public_ip": "52.214.115.57",
                            "root_block_device.#": "1",
                            "root_block_device.0.delete_on_termination": "true",
                            "root_block_device.0.iops": "100",
                            "root_block_device.0.volume_size": "8",
                            "root_block_device.0.volume_type": "gp2",
                            "security_groups.#": "0",
                            "source_dest_check": "false",
                            "subnet_id": "subnet-acdbf4c8",
                            "tags.%": "1",
                            "tags.Name": "nat",
                            "tenancy": "default",
                            "vpc_security_group_ids.#": "2",
                            "vpc_security_group_ids.2531563231": "sg-b9d3a3df",
                            "vpc_security_group_ids.4139042176": "sg-bad3a3dc"
                        },
                        "meta": {
                            "schema_version": "1"
                        },
                        "tainted": false
                    },
                    "deposed": [],
                    "provider": ""
                },
                "aws_internet_gateway.default": {
                    "type": "aws_internet_gateway",
                    "depends_on": [
                        "aws_vpc.default"
                    ],
                    "primary": {
                        "id": "igw-1bc3147f",
                        "attributes": {
                            "id": "igw-1bc3147f",
                            "vpc_id": "vpc-916735f5"
                        },
                        "meta": {},
                        "tainted": false
                    },
                    "deposed": [],
                    "provider": ""
                },
                "aws_key_pair.deployer": {
                    "type": "aws_key_pair",
                    "depends_on": [],
                    "primary": {
                        "id": "deployer-key",
                        "attributes": {
                            "id": "deployer-key",
                            "key_name": "deployer-key",
                            "public_key": "ssh-rsa AAAAB3NzaC1yc2EAAAADAQABAAABAQCd2ttPKa05VHnUktRtvSo1RSIcR+J+GzxH1+jxbYEbZYo0AHNau9q4XOox/VOAxtzTS3AmnMnIxYL9bYJlVkS/tEzqIhDdGv49xkiAMq5OZeC9Vol70jZ1RwWQa/hntknwALJxOIgGQGdu595MIaSI+yccCL4DZ41eeuiGCd7KZWokVoCXuo3ZDvLqsrE1EyxUP7h1o+kYPe2L3GTMYguFQzW4nOUbmkCa3bQ3tpZrdiTddRJdFpunFF19M8GB0xz+2Om+c122XIyM2wLmbuPDnx98DkxJq9ofZZA9+lJP/uJ2X7zJ2LQsL+IbqnOxwcZVVB6mZxcBlal80s9RCm67 insecure-deployer"
                        },
                        "meta": {
                            "schema_version": "1"
                        },
                        "tainted": false
                    },
                    "deposed": [],
                    "provider": ""
                },
                "aws_route_table.private": {
                    "type": "aws_route_table",
                    "depends_on": [
                        "aws_instance.nat",
                        "aws_vpc.default"
                    ],
                    "primary": {
                        "id": "rtb-da6488bd",
                        "attributes": {
                            "id": "rtb-da6488bd",
                            "propagating_vgws.#": "0",
                            "route.#": "1",
                            "route.2060339989.cidr_block": "0.0.0.0/0",
                            "route.2060339989.gateway_id": "",
                            "route.2060339989.instance_id": "i-090e2c688d04cfc63",
                            "route.2060339989.nat_gateway_id": "",
                            "route.2060339989.network_interface_id": "",
                            "route.2060339989.vpc_peering_connection_id": "",
                            "tags.%": "0",
                            "vpc_id": "vpc-916735f5"
                        },
                        "meta": {},
                        "tainted": false
                    },
                    "deposed": [],
                    "provider": ""
                },
                "aws_route_table.public": {
                    "type": "aws_route_table",
                    "depends_on": [
                        "aws_internet_gateway.default",
                        "aws_vpc.default"
                    ],
                    "primary": {
                        "id": "rtb-11648876",
                        "attributes": {
                            "id": "rtb-11648876",
                            "propagating_vgws.#": "0",
                            "route.#": "1",
                            "route.3629488707.cidr_block": "0.0.0.0/0",
                            "route.3629488707.gateway_id": "igw-1bc3147f",
                            "route.3629488707.instance_id": "",
                            "route.3629488707.nat_gateway_id": "",
                            "route.3629488707.network_interface_id": "",
                            "route.3629488707.vpc_peering_connection_id": "",
                            "tags.%": "0",
                            "vpc_id": "vpc-916735f5"
                        },
                        "meta": {},
                        "tainted": false
                    },
                    "deposed": [],
                    "provider": ""
                },
                "aws_route_table_association.private": {
                    "type": "aws_route_table_association",
                    "depends_on": [
                        "aws_route_table.private",
                        "aws_subnet.private"
                    ],
                    "primary": {
                        "id": "rtbassoc-7ebbe419",
                        "attributes": {
                            "id": "rtbassoc-7ebbe419",
                            "route_table_id": "rtb-da6488bd",
                            "subnet_id": "subnet-92dbf4f6"
                        },
                        "meta": {},
                        "tainted": false
                    },
                    "deposed": [],
                    "provider": ""
                },
                "aws_route_table_association.public": {
                    "type": "aws_route_table_association",
                    "depends_on": [
                        "aws_route_table.public",
                        "aws_subnet.public"
                    ],
                    "primary": {
                        "id": "rtbassoc-aebce3c9",
                        "attributes": {
                            "id": "rtbassoc-aebce3c9",
                            "route_table_id": "rtb-11648876",
                            "subnet_id": "subnet-acdbf4c8"
                        },
                        "meta": {},
                        "tainted": false
                    },
                    "deposed": [],
                    "provider": ""
                },
                "aws_security_group.default": {
                    "type": "aws_security_group",
                    "depends_on": [
                        "aws_vpc.default"
                    ],
                    "primary": {
                        "id": "sg-b9d3a3df",
                        "attributes": {
                            "description": "Default security group that allows inbound and outbound traffic from all instances in the VPC",
                            "egress.#": "1",
                            "egress.753360330.cidr_blocks.#": "0",
                            "egress.753360330.from_port": "0",
                            "egress.753360330.prefix_list_ids.#": "0",
                            "egress.753360330.protocol": "-1",
                            "egress.753360330.security_groups.#": "0",
                            "egress.753360330.self": "true",
                            "egress.753360330.to_port": "0",
                            "id": "sg-b9d3a3df",
                            "ingress.#": "1",
                            "ingress.753360330.cidr_blocks.#": "0",
                            "ingress.753360330.from_port": "0",
                            "ingress.753360330.protocol": "-1",
                            "ingress.753360330.security_groups.#": "0",
                            "ingress.753360330.self": "true",
                            "ingress.753360330.to_port": "0",
                            "name": "default-terraform-example",
                            "owner_id": "541599000485",
                            "tags.%": "1",
                            "tags.Name": "terraform-example-default-vpc",
                            "vpc_id": "vpc-916735f5"
                        },
                        "meta": {},
                        "tainted": false
                    },
                    "deposed": [],
                    "provider": ""
                },
                "aws_security_group.nat": {
                    "type": "aws_security_group",
                    "depends_on": [
                        "aws_vpc.default"
                    ],
                    "primary": {
                        "id": "sg-bad3a3dc",
                        "attributes": {
                            "description": "Security group for nat instances that allows SSH and VPN traffic from internet. Also allows outbound HTTP[S]",
                            "egress.#": "2",
                            "egress.2214680975.cidr_blocks.#": "1",
                            "egress.2214680975.cidr_blocks.0": "0.0.0.0/0",
                            "egress.2214680975.from_port": "80",
                            "egress.2214680975.prefix_list_ids.#": "0",
                            "egress.2214680975.protocol": "tcp",
                            "egress.2214680975.security_groups.#": "0",
                            "egress.2214680975.self": "false",
                            "egress.2214680975.to_port": "80",
                            "egress.2617001939.cidr_blocks.#": "1",
                            "egress.2617001939.cidr_blocks.0": "0.0.0.0/0",
                            "egress.2617001939.from_port": "443",
                            "egress.2617001939.prefix_list_ids.#": "0",
                            "egress.2617001939.protocol": "tcp",
                            "egress.2617001939.security_groups.#": "0",
                            "egress.2617001939.self": "false",
                            "egress.2617001939.to_port": "443",
                            "id": "sg-bad3a3dc",
                            "ingress.#": "2",
                            "ingress.2541437006.cidr_blocks.#": "1",
                            "ingress.2541437006.cidr_blocks.0": "0.0.0.0/0",
                            "ingress.2541437006.from_port": "22",
                            "ingress.2541437006.protocol": "tcp",
                            "ingress.2541437006.security_groups.#": "0",
                            "ingress.2541437006.self": "false",
                            "ingress.2541437006.to_port": "22",
                            "ingress.4178520169.cidr_blocks.#": "1",
                            "ingress.4178520169.cidr_blocks.0": "0.0.0.0/0",
                            "ingress.4178520169.from_port": "1194",
                            "ingress.4178520169.protocol": "udp",
                            "ingress.4178520169.security_groups.#": "0",
                            "ingress.4178520169.self": "false",
                            "ingress.4178520169.to_port": "1194",
                            "name": "nat-terraform-example",
                            "owner_id": "541599000485",
                            "tags.%": "1",
                            "tags.Name": "nat-terraform-example",
                            "vpc_id": "vpc-916735f5"
                        },
                        "meta": {},
                        "tainted": false
                    },
                    "deposed": [],
                    "provider": ""
                },
                "aws_security_group.web": {
                    "type": "aws_security_group",
                    "depends_on": [
                        "aws_vpc.default"
                    ],
                    "primary": {
                        "id": "sg-86d3a3e0",
                        "attributes": {
                            "description": "Security group for web that allows web traffic from internet",
                            "egress.#": "0",
                            "id": "sg-86d3a3e0",
                            "ingress.#": "2",
                            "ingress.2214680975.cidr_blocks.#": "1",
                            "ingress.2214680975.cidr_blocks.0": "0.0.0.0/0",
                            "ingress.2214680975.from_port": "80",
                            "ingress.2214680975.protocol": "tcp",
                            "ingress.2214680975.security_groups.#": "0",
                            "ingress.2214680975.self": "false",
                            "ingress.2214680975.to_port": "80",
                            "ingress.2617001939.cidr_blocks.#": "1",
                            "ingress.2617001939.cidr_blocks.0": "0.0.0.0/0",
                            "ingress.2617001939.from_port": "443",
                            "ingress.2617001939.protocol": "tcp",
                            "ingress.2617001939.security_groups.#": "0",
                            "ingress.2617001939.self": "false",
                            "ingress.2617001939.to_port": "443",
                            "name": "web-terraform-example",
                            "owner_id": "541599000485",
                            "tags.%": "1",
                            "tags.Name": "web-terraform-example",
                            "vpc_id": "vpc-916735f5"
                        },
                        "meta": {},
                        "tainted": false
                    },
                    "deposed": [],
                    "provider": ""
                },
                "aws_subnet.private": {
                    "type": "aws_subnet",
                    "depends_on": [
                        "aws_instance.nat",
                        "aws_vpc.default"
                    ],
                    "primary": {
                        "id": "subnet-92dbf4f6",
                        "attributes": {
                            "availability_zone": "eu-west-1a",
                            "cidr_block": "10.128.1.0/24",
                            "id": "subnet-92dbf4f6",
                            "map_public_ip_on_launch": "false",
                            "tags.%": "1",
                            "tags.Name": "private",
                            "vpc_id": "vpc-916735f5"
                        },
                        "meta": {},
                        "tainted": false
                    },
                    "deposed": [],
                    "provider": ""
                },
                "aws_subnet.public": {
                    "type": "aws_subnet",
                    "depends_on": [
                        "aws_internet_gateway.default",
                        "aws_vpc.default"
                    ],
                    "primary": {
                        "id": "subnet-acdbf4c8",
                        "attributes": {
                            "availability_zone": "eu-west-1a",
                            "cidr_block": "10.128.0.0/24",
                            "id": "subnet-acdbf4c8",
                            "map_public_ip_on_launch": "true",
                            "tags.%": "1",
                            "tags.Name": "public",
                            "vpc_id": "vpc-916735f5"
                        },
                        "meta": {},
                        "tainted": false
                    },
                    "deposed": [],
                    "provider": ""
                },
                "aws_vpc.default": {
                    "type": "aws_vpc",
                    "depends_on": [],
                    "primary": {
                        "id": "vpc-916735f5",
                        "attributes": {
                            "cidr_block": "10.128.0.0/16",
                            "default_network_acl_id": "acl-27819743",
                            "default_route_table_id": "rtb-14648873",
                            "default_security_group_id": "sg-bed3a3d8",
                            "dhcp_options_id": "dopt-25e80540",
                            "enable_classiclink": "false",
                            "enable_dns_hostnames": "true",
                            "enable_dns_support": "true",
                            "id": "vpc-916735f5",
                            "instance_tenancy": "default",
                            "main_route_table_id": "rtb-14648873",
                            "tags.%": "1",
                            "tags.Name": "terraform-example"
                        },
                        "meta": {},
                        "tainted": false
                    },
                    "deposed": [],
                    "provider": ""
                }
            },
            "depends_on": []
        }
    ]
}
